
Microsoft Visual Studio Solution File, Format Version 12.00
# Visual Studio Version 16
VisualStudioVersion = 16.0.32510.428
MinimumVisualStudioVersion = 10.0.40219.1
Project("{FAE04EC0-301F-11D3-BF4B-00C04F79EFBC}") = "AlgorithmsOfLogarithmicComplexity", "AlgorithmsOfLogarithmicComplexity\AlgorithmsOfLogarithmicComplexity.csproj", "{164E7CCE-43CD-4205-87D8-201184099E63}"
EndProject
Project("{FAE04EC0-301F-11D3-BF4B-00C04F79EFBC}") = "AlgorithmsOfLogarithmicComplexityTests", "AlgorithmsOfLogarithmicComplexityTests\AlgorithmsOfLogarithmicComplexityTests.csproj", "{C9EE2F3C-D4B4-46F9-AC1E-30A4BA4F211E}"
EndProject
Global
	GlobalSection(SolutionConfigurationPlatforms) = preSolution
		Debug|Any CPU = Debug|Any CPU
		Release|Any CPU = Release|Any CPU
	EndGlobalSection
	GlobalSection(ProjectConfigurationPlatforms) = postSolution
		{164E7CCE-43CD-4205-87D8-201184099E63}.Debug|Any CPU.ActiveCfg = Debug|Any CPU
		{164E7CCE-43CD-4205-87D8-201184099E63}.Debug|Any CPU.Build.0 = Debug|Any CPU
		{164E7CCE-43CD-4205-87D8-201184099E63}.Release|Any CPU.ActiveCfg = Release|Any CPU
		{164E7CCE-43CD-4205-87D8-201184099E63}.Release|Any CPU.Build.0 = Release|Any CPU
		{C9EE2F3C-D4B4-46F9-AC1E-30A4BA4F211E}.Debug|Any CPU.ActiveCfg = Debug|Any CPU
		{C9EE2F3C-D4B4-46F9-AC1E-30A4BA4F211E}.Debug|Any CPU.Build.0 = Debug|Any CPU
		{C9EE2F3C-D4B4-46F9-AC1E-30A4BA4F211E}.Release|Any CPU.ActiveCfg = Release|Any CPU
		{C9EE2F3C-D4B4-46F9-AC1E-30A4BA4F211E}.Release|Any CPU.Build.0 = Release|Any CPU
	EndGlobalSection
	GlobalSection(SolutionProperties) = preSolution
		HideSolutionNode = FALSE
	EndGlobalSection
	GlobalSection(ExtensibilityGlobals) = postSolution
		SolutionGuid = {43ED4A2C-AAAB-435E-908A-20D6640AEDF6}
	EndGlobalSection
EndGlobal
