
Microsoft Visual Studio Solution File, Format Version 12.00
# Visual Studio Version 16
VisualStudioVersion = 16.0.32428.249
MinimumVisualStudioVersion = 10.0.40219.1
Project("{FAE04EC0-301F-11D3-BF4B-00C04F79EFBC}") = "SearchAlgoritmsTests", "SearchAlgoritmsTests\SearchAlgoritmsTests.csproj", "{EBE17F5D-EA41-4688-A814-304230FAA253}"
EndProject
Project("{FAE04EC0-301F-11D3-BF4B-00C04F79EFBC}") = "SearchAlgorithms", "SearchAlgorithms\SearchAlgorithms.csproj", "{702DBC98-0A6E-4EDC-967B-2E4E3837BB17}"
EndProject
Global
	GlobalSection(SolutionConfigurationPlatforms) = preSolution
		Debug|Any CPU = Debug|Any CPU
		Release|Any CPU = Release|Any CPU
	EndGlobalSection
	GlobalSection(ProjectConfigurationPlatforms) = postSolution
		{EBE17F5D-EA41-4688-A814-304230FAA253}.Debug|Any CPU.ActiveCfg = Debug|Any CPU
		{EBE17F5D-EA41-4688-A814-304230FAA253}.Debug|Any CPU.Build.0 = Debug|Any CPU
		{EBE17F5D-EA41-4688-A814-304230FAA253}.Release|Any CPU.ActiveCfg = Release|Any CPU
		{EBE17F5D-EA41-4688-A814-304230FAA253}.Release|Any CPU.Build.0 = Release|Any CPU
		{702DBC98-0A6E-4EDC-967B-2E4E3837BB17}.Debug|Any CPU.ActiveCfg = Debug|Any CPU
		{702DBC98-0A6E-4EDC-967B-2E4E3837BB17}.Debug|Any CPU.Build.0 = Debug|Any CPU
		{702DBC98-0A6E-4EDC-967B-2E4E3837BB17}.Release|Any CPU.ActiveCfg = Release|Any CPU
		{702DBC98-0A6E-4EDC-967B-2E4E3837BB17}.Release|Any CPU.Build.0 = Release|Any CPU
	EndGlobalSection
	GlobalSection(SolutionProperties) = preSolution
		HideSolutionNode = FALSE
	EndGlobalSection
	GlobalSection(ExtensibilityGlobals) = postSolution
		SolutionGuid = {E448737E-9787-452E-8C88-161614C00BAE}
	EndGlobalSection
EndGlobal
